
Microsoft Visual Studio Solution File, Format Version 12.00
# Visual Studio 15
VisualStudioVersion = 15.0.26430.16
MinimumVisualStudioVersion = 10.0.40219.1
Project("{9A19103F-16F7-4668-BE54-9A1E7A4F7556}") = "SRIndia", "SRIndia\SRIndia.csproj", "{ECAFEE2C-B384-442C-B1B4-9DB3D2CB9429}"
EndProject
Project("{9A19103F-16F7-4668-BE54-9A1E7A4F7556}") = "SRIndia_Repository", "SRIndia_Repository\SRIndia_Repository.csproj", "{898A0C07-A942-48F4-8A56-378CAF5E4AB3}"
EndProject
Project("{FAE04EC0-301F-11D3-BF4B-00C04F79EFBC}") = "SRIndia_Models", "SRIndia_Models\SRIndia_Models.csproj", "{F7740F76-5A77-4352-A65F-B7BAF008DD39}"
EndProject
Global
	GlobalSection(SolutionConfigurationPlatforms) = preSolution
		Debug|Any CPU = Debug|Any CPU
		Release|Any CPU = Release|Any CPU
	EndGlobalSection
	GlobalSection(ProjectConfigurationPlatforms) = postSolution
		{ECAFEE2C-B384-442C-B1B4-9DB3D2CB9429}.Debug|Any CPU.ActiveCfg = Debug|Any CPU
		{ECAFEE2C-B384-442C-B1B4-9DB3D2CB9429}.Debug|Any CPU.Build.0 = Debug|Any CPU
		{ECAFEE2C-B384-442C-B1B4-9DB3D2CB9429}.Release|Any CPU.ActiveCfg = Release|Any CPU
		{ECAFEE2C-B384-442C-B1B4-9DB3D2CB9429}.Release|Any CPU.Build.0 = Release|Any CPU
		{898A0C07-A942-48F4-8A56-378CAF5E4AB3}.Debug|Any CPU.ActiveCfg = Debug|Any CPU
		{898A0C07-A942-48F4-8A56-378CAF5E4AB3}.Debug|Any CPU.Build.0 = Debug|Any CPU
		{898A0C07-A942-48F4-8A56-378CAF5E4AB3}.Release|Any CPU.ActiveCfg = Release|Any CPU
		{898A0C07-A942-48F4-8A56-378CAF5E4AB3}.Release|Any CPU.Build.0 = Release|Any CPU
		{F7740F76-5A77-4352-A65F-B7BAF008DD39}.Debug|Any CPU.ActiveCfg = Debug|Any CPU
		{F7740F76-5A77-4352-A65F-B7BAF008DD39}.Debug|Any CPU.Build.0 = Debug|Any CPU
		{F7740F76-5A77-4352-A65F-B7BAF008DD39}.Release|Any CPU.ActiveCfg = Release|Any CPU
		{F7740F76-5A77-4352-A65F-B7BAF008DD39}.Release|Any CPU.Build.0 = Release|Any CPU
	EndGlobalSection
	GlobalSection(SolutionProperties) = preSolution
		HideSolutionNode = FALSE
	EndGlobalSection
EndGlobal
